
Microsoft Visual Studio Solution File, Format Version 12.00
# Visual Studio Version 17
VisualStudioVersion = 17.6.33723.286
MinimumVisualStudioVersion = 10.0.40219.1
Project("{9A19103F-16F7-4668-BE54-9A1E7A4F7556}") = "CarePatron.API", "CarePatron.Api\CarePatron.API.csproj", "{61534C25-BD63-4865-BEE5-B1309912242B}"
EndProject
Project("{9A19103F-16F7-4668-BE54-9A1E7A4F7556}") = "CarePatron.Domain", "CarePatron.Domain\CarePatron.Domain.csproj", "{3E16DC84-E626-41A8-9BC4-C4022E5F925D}"
EndProject
Project("{9A19103F-16F7-4668-BE54-9A1E7A4F7556}") = "CarePatron.Application", "CarePatron.Application\CarePatron.Application.csproj", "{554669D0-C39F-467D-BD25-D0EF1BCBDC43}"
EndProject
Project("{9A19103F-16F7-4668-BE54-9A1E7A4F7556}") = "CarePatron.Infrastructure", "CarePatron.Infrastructure\CarePatron.Infrastructure.csproj", "{3E0B6B56-5F95-4CF2-8C26-DE4D15973907}"
EndProject
Global
	GlobalSection(SolutionConfigurationPlatforms) = preSolution
		Debug|Any CPU = Debug|Any CPU
		Release|Any CPU = Release|Any CPU
	EndGlobalSection
	GlobalSection(ProjectConfigurationPlatforms) = postSolution
		{61534C25-BD63-4865-BEE5-B1309912242B}.Debug|Any CPU.ActiveCfg = Debug|Any CPU
		{61534C25-BD63-4865-BEE5-B1309912242B}.Debug|Any CPU.Build.0 = Debug|Any CPU
		{61534C25-BD63-4865-BEE5-B1309912242B}.Release|Any CPU.ActiveCfg = Release|Any CPU
		{61534C25-BD63-4865-BEE5-B1309912242B}.Release|Any CPU.Build.0 = Release|Any CPU
		{3E16DC84-E626-41A8-9BC4-C4022E5F925D}.Debug|Any CPU.ActiveCfg = Debug|Any CPU
		{3E16DC84-E626-41A8-9BC4-C4022E5F925D}.Debug|Any CPU.Build.0 = Debug|Any CPU
		{3E16DC84-E626-41A8-9BC4-C4022E5F925D}.Release|Any CPU.ActiveCfg = Release|Any CPU
		{3E16DC84-E626-41A8-9BC4-C4022E5F925D}.Release|Any CPU.Build.0 = Release|Any CPU
		{554669D0-C39F-467D-BD25-D0EF1BCBDC43}.Debug|Any CPU.ActiveCfg = Debug|Any CPU
		{554669D0-C39F-467D-BD25-D0EF1BCBDC43}.Debug|Any CPU.Build.0 = Debug|Any CPU
		{554669D0-C39F-467D-BD25-D0EF1BCBDC43}.Release|Any CPU.ActiveCfg = Release|Any CPU
		{554669D0-C39F-467D-BD25-D0EF1BCBDC43}.Release|Any CPU.Build.0 = Release|Any CPU
		{3E0B6B56-5F95-4CF2-8C26-DE4D15973907}.Debug|Any CPU.ActiveCfg = Debug|Any CPU
		{3E0B6B56-5F95-4CF2-8C26-DE4D15973907}.Debug|Any CPU.Build.0 = Debug|Any CPU
		{3E0B6B56-5F95-4CF2-8C26-DE4D15973907}.Release|Any CPU.ActiveCfg = Release|Any CPU
		{3E0B6B56-5F95-4CF2-8C26-DE4D15973907}.Release|Any CPU.Build.0 = Release|Any CPU
	EndGlobalSection
	GlobalSection(SolutionProperties) = preSolution
		HideSolutionNode = FALSE
	EndGlobalSection
	GlobalSection(ExtensibilityGlobals) = postSolution
		SolutionGuid = {31142272-0973-4576-86D3-54AECB1B3196}
	EndGlobalSection
EndGlobal
